
Microsoft Visual Studio Solution File, Format Version 12.00
# Visual Studio Version 16
VisualStudioVersion = 16.0.31025.194
MinimumVisualStudioVersion = 10.0.40219.1
Project("{FAE04EC0-301F-11D3-BF4B-00C04F79EFBC}") = "BowlerData", "BowlerData\BowlerData.csproj", "{6C725792-F6DD-415C-A929-F2E2BD2B190D}"
EndProject
Global
	GlobalSection(SolutionConfigurationPlatforms) = preSolution
		Debug|Any CPU = Debug|Any CPU
		Release|Any CPU = Release|Any CPU
	EndGlobalSection
	GlobalSection(ProjectConfigurationPlatforms) = postSolution
		{6C725792-F6DD-415C-A929-F2E2BD2B190D}.Debug|Any CPU.ActiveCfg = Debug|Any CPU
		{6C725792-F6DD-415C-A929-F2E2BD2B190D}.Debug|Any CPU.Build.0 = Debug|Any CPU
		{6C725792-F6DD-415C-A929-F2E2BD2B190D}.Release|Any CPU.ActiveCfg = Release|Any CPU
		{6C725792-F6DD-415C-A929-F2E2BD2B190D}.Release|Any CPU.Build.0 = Release|Any CPU
	EndGlobalSection
	GlobalSection(SolutionProperties) = preSolution
		HideSolutionNode = FALSE
	EndGlobalSection
	GlobalSection(ExtensibilityGlobals) = postSolution
		SolutionGuid = {0CB31892-2A26-428B-A0E0-1B0F0631ADC7}
	EndGlobalSection
EndGlobal
